# This file is automatically @generated by Wally.
# It is not intended for manual editing.
registry = "test"

[[package]]
name = "boatbomber/hashlib"
version = "1.0.0"
dependencies = []

[[package]]
name = "boatbomber/heatup"
version = "0.1.0"
dependencies = [["HashLib", "boatbomber/hashlib@1.0.0"]]
